
Microsoft Visual Studio Solution File, Format Version 12.00
# Visual Studio Version 17
VisualStudioVersion = 17.11.35208.52
MinimumVisualStudioVersion = 10.0.40219.1
Project("{8BC9CEB8-8B4A-11D0-8D11-00A0C91BC942}") = "BINI_BeatScape_Project", "BINI_BeatScape_Project\BINI_BeatScape_Project.vcxproj", "{B663015C-4F9E-4F00-876C-DE1FD0B66F35}"
EndProject
Project("{2150E333-8FDC-42A3-9474-1A3956D46DE8}") = "Solution Items", "Solution Items", "{60431426-4F75-40E3-A18A-375ED3D4C81D}"
EndProject
Global
	GlobalSection(SolutionConfigurationPlatforms) = preSolution
		Debug|x64 = Debug|x64
		Debug|x86 = Debug|x86
		Release|x64 = Release|x64
		Release|x86 = Release|x86
	EndGlobalSection
	GlobalSection(ProjectConfigurationPlatforms) = postSolution
		{B663015C-4F9E-4F00-876C-DE1FD0B66F35}.Debug|x64.ActiveCfg = Debug|x64
		{B663015C-4F9E-4F00-876C-DE1FD0B66F35}.Debug|x64.Build.0 = Debug|x64
		{B663015C-4F9E-4F00-876C-DE1FD0B66F35}.Debug|x86.ActiveCfg = Debug|Win32
		{B663015C-4F9E-4F00-876C-DE1FD0B66F35}.Debug|x86.Build.0 = Debug|Win32
		{B663015C-4F9E-4F00-876C-DE1FD0B66F35}.Release|x64.ActiveCfg = Release|x64
		{B663015C-4F9E-4F00-876C-DE1FD0B66F35}.Release|x64.Build.0 = Release|x64
		{B663015C-4F9E-4F00-876C-DE1FD0B66F35}.Release|x86.ActiveCfg = Release|Win32
		{B663015C-4F9E-4F00-876C-DE1FD0B66F35}.Release|x86.Build.0 = Release|Win32
	EndGlobalSection
	GlobalSection(SolutionProperties) = preSolution
		HideSolutionNode = FALSE
	EndGlobalSection
	GlobalSection(ExtensibilityGlobals) = postSolution
		SolutionGuid = {79340A7D-4705-4668-9C4B-C3CFD39034FD}
	EndGlobalSection
EndGlobal
