<?xml version="1.0" encoding="utf-8"?>
<Project ToolsVersion="4.0" xmlns="http://schemas.microsoft.com/developer/msbuild/2003">
  <ItemGroup>
    <ClCompile Include="Application.cpp" />
    <ClCompile Include="Background.cpp" />
    <ClCompile Include="CompanyLogo.cpp" />
    <ClCompile Include="Events.cpp" />
    <ClCompile Include="Font.cpp" />
    <ClCompile Include="Labels.cpp" />
    <ClCompile Include="Main.cpp" />
    <ClCompile Include="MainMenu.cpp" />
    <ClCompile Include="Music.cpp" />
    <ClCompile Include="Renderer.cpp" />
    <ClCompile Include="SongEasy.cpp" />
    <ClCompile Include="SoundFX.cpp" />
    <ClCompile Include="test.cpp" />
    <ClCompile Include="Texture.cpp" />
    <ClCompile Include="Timer.cpp" />
    <ClCompile Include="Window.cpp" />
    <ClCompile Include="Note.cpp" />
    <ClCompile Include="SongBar.cpp" />
    <ClCompile Include="ChartReader.cpp" />
    <ClCompile Include="SongSelect.cpp" />
    <ClCompile Include="Leaderboards.cpp" />
    <ClCompile Include="SongMedium.cpp" />
    <ClCompile Include="SongHard.cpp" />
  </ItemGroup>
  <ItemGroup>
    <ClInclude Include="Application.h" />
    <ClInclude Include="Background.h" />
    <ClInclude Include="CompanyLogo.h" />
    <ClInclude Include="Events.h" />
    <ClInclude Include="Font.h" />
    <ClInclude Include="Labels.h" />
    <ClInclude Include="MainMenu.h" />
    <ClInclude Include="Music.h" />
    <ClInclude Include="Renderer.h" />
    <ClInclude Include="Scene.h" />
    <ClInclude Include="SongEasy.h" />
    <ClInclude Include="SoundFX.h" />
    <ClInclude Include="States.h" />
    <ClInclude Include="Texture.h" />
    <ClInclude Include="Timer.h" />
    <ClInclude Include="Window.h" />
    <ClInclude Include="Note.h" />
    <ClInclude Include="SongBar.h" />
    <ClInclude Include="ChartReader.h" />
    <ClInclude Include="SongSelect.h" />
    <ClInclude Include="Leaderboards.h" />
    <ClInclude Include="SongMedium.h" />
    <ClInclude Include="SongHard.h" />
  </ItemGroup>
  <ItemGroup>
    <None Include="cpp.hint" />
  </ItemGroup>
</Project>